// !$*UTF8*$!
{
	archiveVersion = 1;
	classes = {
	};
	objectVersion = 50;
	objects = {

/* Begin PBXBuildFile section */
		5B1AE14921E4F9D000F3613F /* AppDelegate.m in Sources */ = {isa = PBXBuildFile; fileRef = 5B1AE14821E4F9D000F3613F /* AppDelegate.m */; };
		5B1AE14C21E4F9D000F3613F /* ViewController.m in Sources */ = {isa = PBXBuildFile; fileRef = 5B1AE14B21E4F9D000F3613F /* ViewController.m */; };
		5B1AE14F21E4F9D000F3613F /* Main.storyboard in Resources */ = {isa = PBXBuildFile; fileRef = 5B1AE14D21E4F9D000F3613F /* Main.storyboard */; };
		5B1AE15121E4F9D100F3613F /* Assets.xcassets in Resources */ = {isa = PBXBuildFile; fileRef = 5B1AE15021E4F9D100F3613F /* Assets.xcassets */; };
		5B1AE15421E4F9D100F3613F /* LaunchScreen.storyboard in Resources */ = {isa = PBXBuildFile; fileRef = 5B1AE15221E4F9D100F3613F /* LaunchScreen.storyboard */; };
		5B1AE15721E4F9D100F3613F /* main.m in Sources */ = {isa = PBXBuildFile; fileRef = 5B1AE15621E4F9D100F3613F /* main.m */; };
		5B1AE16121E4F9D100F3613F /* runtimeTests.m in Sources */ = {isa = PBXBuildFile; fileRef = 5B1AE16021E4F9D100F3613F /* runtimeTests.m */; };
		5B1AE16C21E4F9D100F3613F /* runtimeUITests.m in Sources */ = {isa = PBXBuildFile; fileRef = 5B1AE16B21E4F9D100F3613F /* runtimeUITests.m */; };
		5B1AE17B21E4FA1800F3613F /* NSObject+CrashLogHandle.m in Sources */ = {isa = PBXBuildFile; fileRef = 5B1AE17A21E4FA1800F3613F /* NSObject+CrashLogHandle.m */; settings = {COMPILER_FLAGS = "-w"; }; };
/* End PBXBuildFile section */

/* Begin PBXContainerItemProxy section */
		5B1AE15D21E4F9D100F3613F /* PBXContainerItemProxy */ = {
			isa = PBXContainerItemProxy;
			containerPortal = 5B1AE13C21E4F9D000F3613F /* Project object */;
			proxyType = 1;
			remoteGlobalIDString = 5B1AE14321E4F9D000F3613F;
			remoteInfo = runtime;
		};
		5B1AE16821E4F9D100F3613F /* PBXContainerItemProxy */ = {
			isa = PBXContainerItemProxy;
			containerPortal = 5B1AE13C21E4F9D000F3613F /* Project object */;
			proxyType = 1;
			remoteGlobalIDString = 5B1AE14321E4F9D000F3613F;
			remoteInfo = runtime;
		};
/* End PBXContainerItemProxy section */

/* Begin PBXFileReference section */
		5B1AE14421E4F9D000F3613F /* runtime.app */ = {isa = PBXFileReference; explicitFileType = wrapper.application; includeInIndex = 0; path = runtime.app; sourceTree = BUILT_PRODUCTS_DIR; };
		5B1AE14721E4F9D000F3613F /* AppDelegate.h */ = {isa = PBXFileReference; lastKnownFileType = sourcecode.c.h; path = AppDelegate.h; sourceTree = "<group>"; };
		5B1AE14821E4F9D000F3613F /* AppDelegate.m */ = {isa = PBXFileReference; lastKnownFileType = sourcecode.c.objc; path = AppDelegate.m; sourceTree = "<group>"; };
		5B1AE14A21E4F9D000F3613F /* ViewController.h */ = {isa = PBXFileReference; lastKnownFileType = sourcecode.c.h; path = ViewController.h; sourceTree = "<group>"; };
		5B1AE14B21E4F9D000F3613F /* ViewController.m */ = {isa = PBXFileReference; lastKnownFileType = sourcecode.c.objc; path = ViewController.m; sourceTree = "<group>"; };
		5B1AE14E21E4F9D000F3613F /* Base */ = {isa = PBXFileReference; lastKnownFileType = file.storyboard; name = Base; path = Base.lproj/Main.storyboard; sourceTree = "<group>"; };
		5B1AE15021E4F9D100F3613F /* Assets.xcassets */ = {isa = PBXFileReference; lastKnownFileType = folder.assetcatalog; path = Assets.xcassets; sourceTree = "<group>"; };
		5B1AE15321E4F9D100F3613F /* Base */ = {isa = PBXFileReference; lastKnownFileType = file.storyboard; name = Base; path = Base.lproj/LaunchScreen.storyboard; sourceTree = "<group>"; };
		5B1AE15521E4F9D100F3613F /* Info.plist */ = {isa = PBXFileReference; lastKnownFileType = text.plist.xml; path = Info.plist; sourceTree = "<group>"; };
		5B1AE15621E4F9D100F3613F /* main.m */ = {isa = PBXFileReference; lastKnownFileType = sourcecode.c.objc; path = main.m; sourceTree = "<group>"; };
		5B1AE15C21E4F9D100F3613F /* runtimeTests.xctest */ = {isa = PBXFileReference; explicitFileType = wrapper.cfbundle; includeInIndex = 0; path = runtimeTests.xctest; sourceTree = BUILT_PRODUCTS_DIR; };
		5B1AE16021E4F9D100F3613F /* runtimeTests.m */ = {isa = PBXFileReference; lastKnownFileType = sourcecode.c.objc; path = runtimeTests.m; sourceTree = "<group>"; };
		5B1AE16221E4F9D100F3613F /* Info.plist */ = {isa = PBXFileReference; lastKnownFileType = text.plist.xml; path = Info.plist; sourceTree = "<group>"; };
		5B1AE16721E4F9D100F3613F /* runtimeUITests.xctest */ = {isa = PBXFileReference; explicitFileType = wrapper.cfbundle; includeInIndex = 0; path = runtimeUITests.xctest; sourceTree = BUILT_PRODUCTS_DIR; };
		5B1AE16B21E4F9D100F3613F /* runtimeUITests.m */ = {isa = PBXFileReference; lastKnownFileType = sourcecode.c.objc; path = runtimeUITests.m; sourceTree = "<group>"; };
		5B1AE16D21E4F9D100F3613F /* Info.plist */ = {isa = PBXFileReference; lastKnownFileType = text.plist.xml; path = Info.plist; sourceTree = "<group>"; };
		5B1AE17921E4FA1800F3613F /* NSObject+CrashLogHandle.h */ = {isa = PBXFileReference; lastKnownFileType = sourcecode.c.h; path = "NSObject+CrashLogHandle.h"; sourceTree = "<group>"; };
		5B1AE17A21E4FA1800F3613F /* NSObject+CrashLogHandle.m */ = {isa = PBXFileReference; lastKnownFileType = sourcecode.c.objc; path = "NSObject+CrashLogHandle.m"; sourceTree = "<group>"; };
/* End PBXFileReference section */

/* Begin PBXFrameworksBuildPhase section */
		5B1AE14121E4F9D000F3613F /* Frameworks */ = {
			isa = PBXFrameworksBuildPhase;
			buildActionMask = 2147483647;
			files = (
			);
			runOnlyForDeploymentPostprocessing = 0;
		};
		5B1AE15921E4F9D100F3613F /* Frameworks */ = {
			isa = PBXFrameworksBuildPhase;
			buildActionMask = 2147483647;
			files = (
			);
			runOnlyForDeploymentPostprocessing = 0;
		};
		5B1AE16421E4F9D100F3613F /* Frameworks */ = {
			isa = PBXFrameworksBuildPhase;
			buildActionMask = 2147483647;
			files = (
			);
			runOnlyForDeploymentPostprocessing = 0;
		};
/* End PBXFrameworksBuildPhase section */

/* Begin PBXGroup section */
		5B1AE13B21E4F9D000F3613F = {
			isa = PBXGroup;
			children = (
				5B1AE14621E4F9D000F3613F /* runtime */,
				5B1AE15F21E4F9D100F3613F /* runtimeTests */,
				5B1AE16A21E4F9D100F3613F /* runtimeUITests */,
				5B1AE14521E4F9D000F3613F /* Products */,
			);
			sourceTree = "<group>";
		};
		5B1AE14521E4F9D000F3613F /* Products */ = {
			isa = PBXGroup;
			children = (
				5B1AE14421E4F9D000F3613F /* runtime.app */,
				5B1AE15C21E4F9D100F3613F /* runtimeTests.xctest */,
				5B1AE16721E4F9D100F3613F /* runtimeUITests.xctest */,
			);
			name = Products;
			sourceTree = "<group>";
		};
		5B1AE14621E4F9D000F3613F /* runtime */ = {
			isa = PBXGroup;
			children = (
				5B1AE14721E4F9D000F3613F /* AppDelegate.h */,
				5B1AE14821E4F9D000F3613F /* AppDelegate.m */,
				5B1AE14A21E4F9D000F3613F /* ViewController.h */,
				5B1AE14B21E4F9D000F3613F /* ViewController.m */,
				5B1AE17921E4FA1800F3613F /* NSObject+CrashLogHandle.h */,
				5B1AE17A21E4FA1800F3613F /* NSObject+CrashLogHandle.m */,
				5B1AE14D21E4F9D000F3613F /* Main.storyboard */,
				5B1AE15021E4F9D100F3613F /* Assets.xcassets */,
				5B1AE15221E4F9D100F3613F /* LaunchScreen.storyboard */,
				5B1AE15521E4F9D100F3613F /* Info.plist */,
				5B1AE15621E4F9D100F3613F /* main.m */,
			);
			path = runtime;
			sourceTree = "<group>";
		};
		5B1AE15F21E4F9D100F3613F /* runtimeTests */ = {
			isa = PBXGroup;
			children = (
				5B1AE16021E4F9D100F3613F /* runtimeTests.m */,
				5B1AE16221E4F9D100F3613F /* Info.plist */,
			);
			path = runtimeTests;
			sourceTree = "<group>";
		};
		5B1AE16A21E4F9D100F3613F /* runtimeUITests */ = {
			isa = PBXGroup;
			children = (
				5B1AE16B21E4F9D100F3613F /* runtimeUITests.m */,
				5B1AE16D21E4F9D100F3613F /* Info.plist */,
			);
			path = runtimeUITests;
			sourceTree = "<group>";
		};
/* End PBXGroup section */

/* Begin PBXNativeTarget section */
		5B1AE14321E4F9D000F3613F /* runtime */ = {
			isa = PBXNativeTarget;
			buildConfigurationList = 5B1AE17021E4F9D100F3613F /* Build configuration list for PBXNativeTarget "runtime" */;
			buildPhases = (
				5B1AE14021E4F9D000F3613F /* Sources */,
				5B1AE14121E4F9D000F3613F /* Frameworks */,
				5B1AE14221E4F9D000F3613F /* Resources */,
			);
			buildRules = (
			);
			dependencies = (
			);
			name = runtime;
			productName = runtime;
			productReference = 5B1AE14421E4F9D000F3613F /* runtime.app */;
			productType = "com.apple.product-type.application";
		};
		5B1AE15B21E4F9D100F3613F /* runtimeTests */ = {
			isa = PBXNativeTarget;
			buildConfigurationList = 5B1AE17321E4F9D100F3613F /* Build configuration list for PBXNativeTarget "runtimeTests" */;
			buildPhases = (
				5B1AE15821E4F9D100F3613F /* Sources */,
				5B1AE15921E4F9D100F3613F /* Frameworks */,
				5B1AE15A21E4F9D100F3613F /* Resources */,
			);
			buildRules = (
			);
			dependencies = (
				5B1AE15E21E4F9D100F3613F /* PBXTargetDependency */,
			);
			name = runtimeTests;
			productName = runtimeTests;
			productReference = 5B1AE15C21E4F9D100F3613F /* runtimeTests.xctest */;
			productType = "com.apple.product-type.bundle.unit-test";
		};
		5B1AE16621E4F9D100F3613F /* runtimeUITests */ = {
			isa = PBXNativeTarget;
			buildConfigurationList = 5B1AE17621E4F9D100F3613F /* Build configuration list for PBXNativeTarget "runtimeUITests" */;
			buildPhases = (
				5B1AE16321E4F9D100F3613F /* Sources */,
				5B1AE16421E4F9D100F3613F /* Frameworks */,
				5B1AE16521E4F9D100F3613F /* Resources */,
			);
			buildRules = (
			);
			dependencies = (
				5B1AE16921E4F9D100F3613F /* PBXTargetDependency */,
			);
			name = runtimeUITests;
			productName = runtimeUITests;
			productReference = 5B1AE16721E4F9D100F3613F /* runtimeUITests.xctest */;
			productType = "com.apple.product-type.bundle.ui-testing";
		};
/* End PBXNativeTarget section */

/* Begin PBXProject section */
		5B1AE13C21E4F9D000F3613F /* Project object */ = {
			isa = PBXProject;
			attributes = {
				LastUpgradeCheck = 1010;
				ORGANIZATIONNAME = zhangxin;
				TargetAttributes = {
					5B1AE14321E4F9D000F3613F = {
						CreatedOnToolsVersion = 10.1;
					};
					5B1AE15B21E4F9D100F3613F = {
						CreatedOnToolsVersion = 10.1;
						TestTargetID = 5B1AE14321E4F9D000F3613F;
					};
					5B1AE16621E4F9D100F3613F = {
						CreatedOnToolsVersion = 10.1;
						TestTargetID = 5B1AE14321E4F9D000F3613F;
					};
				};
			};
			buildConfigurationList = 5B1AE13F21E4F9D000F3613F /* Build configuration list for PBXProject "runtime" */;
			compatibilityVersion = "Xcode 9.3";
			developmentRegion = en;
			hasScannedForEncodings = 0;
			knownRegions = (
				en,
				Base,
			);
			mainGroup = 5B1AE13B21E4F9D000F3613F;
			productRefGroup = 5B1AE14521E4F9D000F3613F /* Products */;
			projectDirPath = "";
			projectRoot = "";
			targets = (
				5B1AE14321E4F9D000F3613F /* runtime */,
				5B1AE15B21E4F9D100F3613F /* runtimeTests */,
				5B1AE16621E4F9D100F3613F /* runtimeUITests */,
			);
		};
/* End PBXProject section */

/* Begin PBXResourcesBuildPhase section */
		5B1AE14221E4F9D000F3613F /* Resources */ = {
			isa = PBXResourcesBuildPhase;
			buildActionMask = 2147483647;
			files = (
				5B1AE15421E4F9D100F3613F /* LaunchScreen.storyboard in Resources */,
				5B1AE15121E4F9D100F3613F /* Assets.xcassets in Resources */,
				5B1AE14F21E4F9D000F3613F /* Main.storyboard in Resources */,
			);
			runOnlyForDeploymentPostprocessing = 0;
		};
		5B1AE15A21E4F9D100F3613F /* Resources */ = {
			isa = PBXResourcesBuildPhase;
			buildActionMask = 2147483647;
			files = (
			);
			runOnlyForDeploymentPostprocessing = 0;
		};
		5B1AE16521E4F9D100F3613F /* Resources */ = {
			isa = PBXResourcesBuildPhase;
			buildActionMask = 2147483647;
			files = (
			);
			runOnlyForDeploymentPostprocessing = 0;
		};
/* End PBXResourcesBuildPhase section */

/* Begin PBXSourcesBuildPhase section */
		5B1AE14021E4F9D000F3613F /* Sources */ = {
			isa = PBXSourcesBuildPhase;
			buildActionMask = 2147483647;
			files = (
				5B1AE14C21E4F9D000F3613F /* ViewController.m in Sources */,
				5B1AE15721E4F9D100F3613F /* main.m in Sources */,
				5B1AE17B21E4FA1800F3613F /* NSObject+CrashLogHandle.m in Sources */,
				5B1AE14921E4F9D000F3613F /* AppDelegate.m in Sources */,
			);
			runOnlyForDeploymentPostprocessing = 0;
		};
		5B1AE15821E4F9D100F3613F /* Sources */ = {
			isa = PBXSourcesBuildPhase;
			buildActionMask = 2147483647;
			files = (
				5B1AE16121E4F9D100F3613F /* runtimeTests.m in Sources */,
			);
			runOnlyForDeploymentPostprocessing = 0;
		};
		5B1AE16321E4F9D100F3613F /* Sources */ = {
			isa = PBXSourcesBuildPhase;
			buildActionMask = 2147483647;
			files = (
				5B1AE16C21E4F9D100F3613F /* runtimeUITests.m in Sources */,
			);
			runOnlyForDeploymentPostprocessing = 0;
		};
/* End PBXSourcesBuildPhase section */

/* Begin PBXTargetDependency section */
		5B1AE15E21E4F9D100F3613F /* PBXTargetDependency */ = {
			isa = PBXTargetDependency;
			target = 5B1AE14321E4F9D000F3613F /* runtime */;
			targetProxy = 5B1AE15D21E4F9D100F3613F /* PBXContainerItemProxy */;
		};
		5B1AE16921E4F9D100F3613F /* PBXTargetDependency */ = {
			isa = PBXTargetDependency;
			target = 5B1AE14321E4F9D000F3613F /* runtime */;
			targetProxy = 5B1AE16821E4F9D100F3613F /* PBXContainerItemProxy */;
		};
/* End PBXTargetDependency section */

/* Begin PBXVariantGroup section */
		5B1AE14D21E4F9D000F3613F /* Main.storyboard */ = {
			isa = PBXVariantGroup;
			children = (
				5B1AE14E21E4F9D000F3613F /* Base */,
			);
			name = Main.storyboard;
			sourceTree = "<group>";
		};
		5B1AE15221E4F9D100F3613F /* LaunchScreen.storyboard */ = {
			isa = PBXVariantGroup;
			children = (
				5B1AE15321E4F9D100F3613F /* Base */,
			);
			name = LaunchScreen.storyboard;
			sourceTree = "<group>";
		};
/* End PBXVariantGroup section */

/* Begin XCBuildConfiguration section */
		5B1AE16E21E4F9D100F3613F /* Debug */ = {
			isa = XCBuildConfiguration;
			buildSettings = {
				ALWAYS_SEARCH_USER_PATHS = NO;
				CLANG_ANALYZER_NONNULL = YES;
				CLANG_ANALYZER_NUMBER_OBJECT_CONVERSION = YES_AGGRESSIVE;
				CLANG_CXX_LANGUAGE_STANDARD = "gnu++14";
				CLANG_CXX_LIBRARY = "libc++";
				CLANG_ENABLE_MODULES = YES;
				CLANG_ENABLE_OBJC_ARC = YES;
				CLANG_ENABLE_OBJC_WEAK = YES;
				CLANG_WARN_BLOCK_CAPTURE_AUTORELEASING = YES;
				CLANG_WARN_BOOL_CONVERSION = YES;
				CLANG_WARN_COMMA = YES;
				CLANG_WARN_CONSTANT_CONVERSION = YES;
				CLANG_WARN_DEPRECATED_OBJC_IMPLEMENTATIONS = YES;
				CLANG_WARN_DIRECT_OBJC_ISA_USAGE = YES_ERROR;
				CLANG_WARN_DOCUMENTATION_COMMENTS = YES;
				CLANG_WARN_EMPTY_BODY = YES;
				CLANG_WARN_ENUM_CONVERSION = YES;
				CLANG_WARN_INFINITE_RECURSION = YES;
				CLANG_WARN_INT_CONVERSION = YES;
				CLANG_WARN_NON_LITERAL_NULL_CONVERSION = YES;
				CLANG_WARN_OBJC_IMPLICIT_RETAIN_SELF = YES;
				CLANG_WARN_OBJC_LITERAL_CONVERSION = YES;
				CLANG_WARN_OBJC_ROOT_CLASS = YES_ERROR;
				CLANG_WARN_RANGE_LOOP_ANALYSIS = YES;
				CLANG_WARN_STRICT_PROTOTYPES = YES;
				CLANG_WARN_SUSPICIOUS_MOVE = YES;
				CLANG_WARN_UNGUARDED_AVAILABILITY = YES_AGGRESSIVE;
				CLANG_WARN_UNREACHABLE_CODE = YES;
				CLANG_WARN__DUPLICATE_METHOD_MATCH = YES;
				CODE_SIGN_IDENTITY = "iPhone Developer";
				COPY_PHASE_STRIP = NO;
				DEBUG_INFORMATION_FORMAT = dwarf;
				ENABLE_STRICT_OBJC_MSGSEND = YES;
				ENABLE_TESTABILITY = YES;
				GCC_C_LANGUAGE_STANDARD = gnu11;
				GCC_DYNAMIC_NO_PIC = NO;
				GCC_NO_COMMON_BLOCKS = YES;
				GCC_OPTIMIZATION_LEVEL = 0;
				GCC_PREPROCESSOR_DEFINITIONS = (
					"DEBUG=1",
					"$(inherited)",
				);
				GCC_WARN_64_TO_32_BIT_CONVERSION = YES;
				GCC_WARN_ABOUT_RETURN_TYPE = YES_ERROR;
				GCC_WARN_UNDECLARED_SELECTOR = YES;
				GCC_WARN_UNINITIALIZED_AUTOS = YES_AGGRESSIVE;
				GCC_WARN_UNUSED_FUNCTION = YES;
				GCC_WARN_UNUSED_VARIABLE = YES;
				IPHONEOS_DEPLOYMENT_TARGET = 12.1;
				MTL_ENABLE_DEBUG_INFO = INCLUDE_SOURCE;
				MTL_FAST_MATH = YES;
				ONLY_ACTIVE_ARCH = YES;
				SDKROOT = iphoneos;
			};
			name = Debug;
		};
		5B1AE16F21E4F9D100F3613F /* Release */ = {
			isa = XCBuildConfiguration;
			buildSettings = {
				ALWAYS_SEARCH_USER_PATHS = NO;
				CLANG_ANALYZER_NONNULL = YES;
				CLANG_ANALYZER_NUMBER_OBJECT_CONVERSION = YES_AGGRESSIVE;
				CLANG_CXX_LANGUAGE_STANDARD = "gnu++14";
				CLANG_CXX_LIBRARY = "libc++";
				CLANG_ENABLE_MODULES = YES;
				CLANG_ENABLE_OBJC_ARC = YES;
				CLANG_ENABLE_OBJC_WEAK = YES;
				CLANG_WARN_BLOCK_CAPTURE_AUTORELEASING = YES;
				CLANG_WARN_BOOL_CONVERSION = YES;
				CLANG_WARN_COMMA = YES;
				CLANG_WARN_CONSTANT_CONVERSION = YES;
				CLANG_WARN_DEPRECATED_OBJC_IMPLEMENTATIONS = YES;
				CLANG_WARN_DIRECT_OBJC_ISA_USAGE = YES_ERROR;
				CLANG_WARN_DOCUMENTATION_COMMENTS = YES;
				CLANG_WARN_EMPTY_BODY = YES;
				CLANG_WARN_ENUM_CONVERSION = YES;
				CLANG_WARN_INFINITE_RECURSION = YES;
				CLANG_WARN_INT_CONVERSION = YES;
				CLANG_WARN_NON_LITERAL_NULL_CONVERSION = YES;
				CLANG_WARN_OBJC_IMPLICIT_RETAIN_SELF = YES;
				CLANG_WARN_OBJC_LITERAL_CONVERSION = YES;
				CLANG_WARN_OBJC_ROOT_CLASS = YES_ERROR;
				CLANG_WARN_RANGE_LOOP_ANALYSIS = YES;
				CLANG_WARN_STRICT_PROTOTYPES = YES;
				CLANG_WARN_SUSPICIOUS_MOVE = YES;
				CLANG_WARN_UNGUARDED_AVAILABILITY = YES_AGGRESSIVE;
				CLANG_WARN_UNREACHABLE_CODE = YES;
				CLANG_WARN__DUPLICATE_METHOD_MATCH = YES;
				CODE_SIGN_IDENTITY = "iPhone Developer";
				COPY_PHASE_STRIP = NO;
				DEBUG_INFORMATION_FORMAT = "dwarf-with-dsym";
				ENABLE_NS_ASSERTIONS = NO;
				ENABLE_STRICT_OBJC_MSGSEND = YES;
				GCC_C_LANGUAGE_STANDARD = gnu11;
				GCC_NO_COMMON_BLOCKS = YES;
				GCC_WARN_64_TO_32_BIT_CONVERSION = YES;
				GCC_WARN_ABOUT_RETURN_TYPE = YES_ERROR;
				GCC_WARN_UNDECLARED_SELECTOR = YES;
				GCC_WARN_UNINITIALIZED_AUTOS = YES_AGGRESSIVE;
				GCC_WARN_UNUSED_FUNCTION = YES;
				GCC_WARN_UNUSED_VARIABLE = YES;
				IPHONEOS_DEPLOYMENT_TARGET = 12.1;
				MTL_ENABLE_DEBUG_INFO = NO;
				MTL_FAST_MATH = YES;
				SDKROOT = iphoneos;
				VALIDATE_PRODUCT = YES;
			};
			name = Release;
		};
		5B1AE17121E4F9D100F3613F /* Debug */ = {
			isa = XCBuildConfiguration;
			buildSettings = {
				ASSETCATALOG_COMPILER_APPICON_NAME = AppIcon;
				CODE_SIGN_STYLE = Automatic;
				GCC_PREPROCESSOR_DEFINITIONS = "DEBUG=1";
				INFOPLIST_FILE = runtime/Info.plist;
				LD_RUNPATH_SEARCH_PATHS = (
					"$(inherited)",
					"@executable_path/Frameworks",
				);
				PRODUCT_BUNDLE_IDENTIFIER = com.zhangxin.runtime;
				PRODUCT_NAME = "$(TARGET_NAME)";
				TARGETED_DEVICE_FAMILY = "1,2";
			};
			name = Debug;
		};
		5B1AE17221E4F9D100F3613F /* Release */ = {
			isa = XCBuildConfiguration;
			buildSettings = {
				ASSETCATALOG_COMPILER_APPICON_NAME = AppIcon;
				CODE_SIGN_STYLE = Automatic;
				GCC_PREPROCESSOR_DEFINITIONS = "DEBUG=1";
				INFOPLIST_FILE = runtime/Info.plist;
				LD_RUNPATH_SEARCH_PATHS = (
					"$(inherited)",
					"@executable_path/Frameworks",
				);
				PRODUCT_BUNDLE_IDENTIFIER = com.zhangxin.runtime;
				PRODUCT_NAME = "$(TARGET_NAME)";
				TARGETED_DEVICE_FAMILY = "1,2";
			};
			name = Release;
		};
		5B1AE17421E4F9D100F3613F /* Debug */ = {
			isa = XCBuildConfiguration;
			buildSettings = {
				BUNDLE_LOADER = "$(TEST_HOST)";
				CODE_SIGN_STYLE = Automatic;
				INFOPLIST_FILE = runtimeTests/Info.plist;
				LD_RUNPATH_SEARCH_PATHS = (
					"$(inherited)",
					"@executable_path/Frameworks",
					"@loader_path/Frameworks",
				);
				PRODUCT_BUNDLE_IDENTIFIER = com.zhangxin.runtimeTests;
				PRODUCT_NAME = "$(TARGET_NAME)";
				TARGETED_DEVICE_FAMILY = "1,2";
				TEST_HOST = "$(BUILT_PRODUCTS_DIR)/runtime.app/runtime";
			};
			name = Debug;
		};
		5B1AE17521E4F9D100F3613F /* Release */ = {
			isa = XCBuildConfiguration;
			buildSettings = {
				BUNDLE_LOADER = "$(TEST_HOST)";
				CODE_SIGN_STYLE = Automatic;
				INFOPLIST_FILE = runtimeTests/Info.plist;
				LD_RUNPATH_SEARCH_PATHS = (
					"$(inherited)",
					"@executable_path/Frameworks",
					"@loader_path/Frameworks",
				);
				PRODUCT_BUNDLE_IDENTIFIER = com.zhangxin.runtimeTests;
				PRODUCT_NAME = "$(TARGET_NAME)";
				TARGETED_DEVICE_FAMILY = "1,2";
				TEST_HOST = "$(BUILT_PRODUCTS_DIR)/runtime.app/runtime";
			};
			name = Release;
		};
		5B1AE17721E4F9D100F3613F /* Debug */ = {
			isa = XCBuildConfiguration;
			buildSettings = {
				CODE_SIGN_STYLE = Automatic;
				INFOPLIST_FILE = runtimeUITests/Info.plist;
				LD_RUNPATH_SEARCH_PATHS = (
					"$(inherited)",
					"@executable_path/Frameworks",
					"@loader_path/Frameworks",
				);
				PRODUCT_BUNDLE_IDENTIFIER = com.zhangxin.runtimeUITests;
				PRODUCT_NAME = "$(TARGET_NAME)";
				TARGETED_DEVICE_FAMILY = "1,2";
				TEST_TARGET_NAME = runtime;
			};
			name = Debug;
		};
		5B1AE17821E4F9D100F3613F /* Release */ = {
			isa = XCBuildConfiguration;
			buildSettings = {
				CODE_SIGN_STYLE = Automatic;
				INFOPLIST_FILE = runtimeUITests/Info.plist;
				LD_RUNPATH_SEARCH_PATHS = (
					"$(inherited)",
					"@executable_path/Frameworks",
					"@loader_path/Frameworks",
				);
				PRODUCT_BUNDLE_IDENTIFIER = com.zhangxin.runtimeUITests;
				PRODUCT_NAME = "$(TARGET_NAME)";
				TARGETED_DEVICE_FAMILY = "1,2";
				TEST_TARGET_NAME = runtime;
			};
			name = Release;
		};
/* End XCBuildConfiguration section */

/* Begin XCConfigurationList section */
		5B1AE13F21E4F9D000F3613F /* Build configuration list for PBXProject "runtime" */ = {
			isa = XCConfigurationList;
			buildConfigurations = (
				5B1AE16E21E4F9D100F3613F /* Debug */,
				5B1AE16F21E4F9D100F3613F /* Release */,
			);
			defaultConfigurationIsVisible = 0;
			defaultConfigurationName = Release;
		};
		5B1AE17021E4F9D100F3613F /* Build configuration list for PBXNativeTarget "runtime" */ = {
			isa = XCConfigurationList;
			buildConfigurations = (
				5B1AE17121E4F9D100F3613F /* Debug */,
				5B1AE17221E4F9D100F3613F /* Release */,
			);
			defaultConfigurationIsVisible = 0;
			defaultConfigurationName = Release;
		};
		5B1AE17321E4F9D100F3613F /* Build configuration list for PBXNativeTarget "runtimeTests" */ = {
			isa = XCConfigurationList;
			buildConfigurations = (
				5B1AE17421E4F9D100F3613F /* Debug */,
				5B1AE17521E4F9D100F3613F /* Release */,
			);
			defaultConfigurationIsVisible = 0;
			defaultConfigurationName = Release;
		};
		5B1AE17621E4F9D100F3613F /* Build configuration list for PBXNativeTarget "runtimeUITests" */ = {
			isa = XCConfigurationList;
			buildConfigurations = (
				5B1AE17721E4F9D100F3613F /* Debug */,
				5B1AE17821E4F9D100F3613F /* Release */,
			);
			defaultConfigurationIsVisible = 0;
			defaultConfigurationName = Release;
		};
/* End XCConfigurationList section */
	};
	rootObject = 5B1AE13C21E4F9D000F3613F /* Project object */;
}
